
Microsoft Visual Studio Solution File, Format Version 12.00
# Visual Studio Version 17
VisualStudioVersion = 17.10.35027.167
MinimumVisualStudioVersion = 10.0.40219.1
Project("{9A19103F-16F7-4668-BE54-9A1E7A4F7556}") = "TestProject", "TestProject\TestProject.csproj", "{50D14186-2288-4BC5-AA7E-3032919EE0D5}"
EndProject
Project("{FAE04EC0-301F-11D3-BF4B-00C04F79EFBC}") = "Program", "Program\Program.csproj", "{7F9AA7DF-5E47-4FE4-A6BE-2A734A546D53}"
EndProject
Global
	GlobalSection(SolutionConfigurationPlatforms) = preSolution
		Debug|Any CPU = Debug|Any CPU
		Release|Any CPU = Release|Any CPU
	EndGlobalSection
	GlobalSection(ProjectConfigurationPlatforms) = postSolution
		{50D14186-2288-4BC5-AA7E-3032919EE0D5}.Debug|Any CPU.ActiveCfg = Debug|Any CPU
		{50D14186-2288-4BC5-AA7E-3032919EE0D5}.Debug|Any CPU.Build.0 = Debug|Any CPU
		{50D14186-2288-4BC5-AA7E-3032919EE0D5}.Release|Any CPU.ActiveCfg = Release|Any CPU
		{50D14186-2288-4BC5-AA7E-3032919EE0D5}.Release|Any CPU.Build.0 = Release|Any CPU
		{7F9AA7DF-5E47-4FE4-A6BE-2A734A546D53}.Debug|Any CPU.ActiveCfg = Debug|Any CPU
		{7F9AA7DF-5E47-4FE4-A6BE-2A734A546D53}.Debug|Any CPU.Build.0 = Debug|Any CPU
		{7F9AA7DF-5E47-4FE4-A6BE-2A734A546D53}.Release|Any CPU.ActiveCfg = Release|Any CPU
		{7F9AA7DF-5E47-4FE4-A6BE-2A734A546D53}.Release|Any CPU.Build.0 = Release|Any CPU
	EndGlobalSection
	GlobalSection(SolutionProperties) = preSolution
		HideSolutionNode = FALSE
	EndGlobalSection
	GlobalSection(ExtensibilityGlobals) = postSolution
		SolutionGuid = {6D650B49-737F-471B-8E25-4C427DBD788C}
	EndGlobalSection
EndGlobal
